
Microsoft Visual Studio Solution File, Format Version 12.00
# Visual Studio Version 16
VisualStudioVersion = 16.0.28803.156
MinimumVisualStudioVersion = 10.0.40219.1
Project("{FAE04EC0-301F-11D3-BF4B-00C04F79EFBC}") = "CoreDemo", "CoreDemo\CoreDemo.csproj", "{F137C3B3-F821-4D51-B319-55D6D16C2B5F}"
EndProject
Global
	GlobalSection(SolutionConfigurationPlatforms) = preSolution
		Debug|Any CPU = Debug|Any CPU
		Release|Any CPU = Release|Any CPU
	EndGlobalSection
	GlobalSection(ProjectConfigurationPlatforms) = postSolution
		{F137C3B3-F821-4D51-B319-55D6D16C2B5F}.Debug|Any CPU.ActiveCfg = Debug|Any CPU
		{F137C3B3-F821-4D51-B319-55D6D16C2B5F}.Debug|Any CPU.Build.0 = Debug|Any CPU
		{F137C3B3-F821-4D51-B319-55D6D16C2B5F}.Release|Any CPU.ActiveCfg = Release|Any CPU
		{F137C3B3-F821-4D51-B319-55D6D16C2B5F}.Release|Any CPU.Build.0 = Release|Any CPU
	EndGlobalSection
	GlobalSection(SolutionProperties) = preSolution
		HideSolutionNode = FALSE
	EndGlobalSection
	GlobalSection(ExtensibilityGlobals) = postSolution
		SolutionGuid = {3F0A7AD6-EB08-4C04-98D1-09932D9FF5E0}
	EndGlobalSection
EndGlobal
